
Microsoft Visual Studio Solution File, Format Version 12.00
# Visual Studio Version 17
VisualStudioVersion = 17.7.34031.279
MinimumVisualStudioVersion = 10.0.40219.1
Project("{9A19103F-16F7-4668-BE54-9A1E7A4F7556}") = "ECommerceWeb.DataAccess", "ECommerceWeb.DataAccess\ECommerceWeb.DataAccess.csproj", "{8E397FE9-2A76-4C46-A367-206FC6FA3A12}"
EndProject
Project("{9A19103F-16F7-4668-BE54-9A1E7A4F7556}") = "ECommerceWeb.Repositories", "ECommerceWeb.Repositories\ECommerceWeb.Repositories.csproj", "{9340DE3A-3850-44F4-89BC-0D5F2633A853}"
EndProject
Project("{9A19103F-16F7-4668-BE54-9A1E7A4F7556}") = "ECommerceWeb.Entities", "ECommerceWeb.Entities\ECommerceWeb.Entities.csproj", "{F11AE0D1-E23B-4C85-91A8-CA4C06E796A6}"
EndProject
Project("{2150E333-8FDC-42A3-9474-1A3956D46DE8}") = "00. Frontend", "00. Frontend", "{014F3120-CD98-4F1C-857B-0ECC34B2EF6A}"
EndProject
Project("{2150E333-8FDC-42A3-9474-1A3956D46DE8}") = "01. Backend", "01. Backend", "{760EA836-1EE3-47BA-BC46-5725DA2A6918}"
EndProject
Project("{2150E333-8FDC-42A3-9474-1A3956D46DE8}") = "02. Compartidos", "02. Compartidos", "{F7479CEE-7413-494B-A6EC-BA4EC9EC59B8}"
EndProject
Project("{9A19103F-16F7-4668-BE54-9A1E7A4F7556}") = "ECommerceWeb.Client", "ECommerceWeb.Client\ECommerceWeb.Client.csproj", "{2A8AE47A-E624-4BE4-85C8-48BF47FDFBC0}"
EndProject
Project("{9A19103F-16F7-4668-BE54-9A1E7A4F7556}") = "ECommerceWeb.Shared", "ECommerceWeb.Shared\ECommerceWeb.Shared.csproj", "{919FD8ED-FA53-4865-9F54-8BA478B1CD6B}"
EndProject
Project("{9A19103F-16F7-4668-BE54-9A1E7A4F7556}") = "ECommerceWeb.Server", "ECommerceWeb.Server\ECommerceWeb.Server.csproj", "{0637B736-F82D-43F4-A438-D42D8A103D46}"
EndProject
Global
	GlobalSection(SolutionConfigurationPlatforms) = preSolution
		Debug|Any CPU = Debug|Any CPU
		Release|Any CPU = Release|Any CPU
	EndGlobalSection
	GlobalSection(ProjectConfigurationPlatforms) = postSolution
		{8E397FE9-2A76-4C46-A367-206FC6FA3A12}.Debug|Any CPU.ActiveCfg = Debug|Any CPU
		{8E397FE9-2A76-4C46-A367-206FC6FA3A12}.Debug|Any CPU.Build.0 = Debug|Any CPU
		{8E397FE9-2A76-4C46-A367-206FC6FA3A12}.Release|Any CPU.ActiveCfg = Release|Any CPU
		{8E397FE9-2A76-4C46-A367-206FC6FA3A12}.Release|Any CPU.Build.0 = Release|Any CPU
		{9340DE3A-3850-44F4-89BC-0D5F2633A853}.Debug|Any CPU.ActiveCfg = Debug|Any CPU
		{9340DE3A-3850-44F4-89BC-0D5F2633A853}.Debug|Any CPU.Build.0 = Debug|Any CPU
		{9340DE3A-3850-44F4-89BC-0D5F2633A853}.Release|Any CPU.ActiveCfg = Release|Any CPU
		{9340DE3A-3850-44F4-89BC-0D5F2633A853}.Release|Any CPU.Build.0 = Release|Any CPU
		{F11AE0D1-E23B-4C85-91A8-CA4C06E796A6}.Debug|Any CPU.ActiveCfg = Debug|Any CPU
		{F11AE0D1-E23B-4C85-91A8-CA4C06E796A6}.Debug|Any CPU.Build.0 = Debug|Any CPU
		{F11AE0D1-E23B-4C85-91A8-CA4C06E796A6}.Release|Any CPU.ActiveCfg = Release|Any CPU
		{F11AE0D1-E23B-4C85-91A8-CA4C06E796A6}.Release|Any CPU.Build.0 = Release|Any CPU
		{2A8AE47A-E624-4BE4-85C8-48BF47FDFBC0}.Debug|Any CPU.ActiveCfg = Debug|Any CPU
		{2A8AE47A-E624-4BE4-85C8-48BF47FDFBC0}.Debug|Any CPU.Build.0 = Debug|Any CPU
		{2A8AE47A-E624-4BE4-85C8-48BF47FDFBC0}.Release|Any CPU.ActiveCfg = Release|Any CPU
		{2A8AE47A-E624-4BE4-85C8-48BF47FDFBC0}.Release|Any CPU.Build.0 = Release|Any CPU
		{919FD8ED-FA53-4865-9F54-8BA478B1CD6B}.Debug|Any CPU.ActiveCfg = Debug|Any CPU
		{919FD8ED-FA53-4865-9F54-8BA478B1CD6B}.Debug|Any CPU.Build.0 = Debug|Any CPU
		{919FD8ED-FA53-4865-9F54-8BA478B1CD6B}.Release|Any CPU.ActiveCfg = Release|Any CPU
		{919FD8ED-FA53-4865-9F54-8BA478B1CD6B}.Release|Any CPU.Build.0 = Release|Any CPU
		{0637B736-F82D-43F4-A438-D42D8A103D46}.Debug|Any CPU.ActiveCfg = Debug|Any CPU
		{0637B736-F82D-43F4-A438-D42D8A103D46}.Debug|Any CPU.Build.0 = Debug|Any CPU
		{0637B736-F82D-43F4-A438-D42D8A103D46}.Release|Any CPU.ActiveCfg = Release|Any CPU
		{0637B736-F82D-43F4-A438-D42D8A103D46}.Release|Any CPU.Build.0 = Release|Any CPU
	EndGlobalSection
	GlobalSection(SolutionProperties) = preSolution
		HideSolutionNode = FALSE
	EndGlobalSection
	GlobalSection(NestedProjects) = preSolution
		{8E397FE9-2A76-4C46-A367-206FC6FA3A12} = {760EA836-1EE3-47BA-BC46-5725DA2A6918}
		{9340DE3A-3850-44F4-89BC-0D5F2633A853} = {760EA836-1EE3-47BA-BC46-5725DA2A6918}
		{F11AE0D1-E23B-4C85-91A8-CA4C06E796A6} = {760EA836-1EE3-47BA-BC46-5725DA2A6918}
		{2A8AE47A-E624-4BE4-85C8-48BF47FDFBC0} = {014F3120-CD98-4F1C-857B-0ECC34B2EF6A}
		{919FD8ED-FA53-4865-9F54-8BA478B1CD6B} = {F7479CEE-7413-494B-A6EC-BA4EC9EC59B8}
		{0637B736-F82D-43F4-A438-D42D8A103D46} = {760EA836-1EE3-47BA-BC46-5725DA2A6918}
	EndGlobalSection
	GlobalSection(ExtensibilityGlobals) = postSolution
		SolutionGuid = {07BB1539-0407-4511-8473-0BA143FF9F2F}
	EndGlobalSection
EndGlobal
